
Microsoft Visual Studio Solution File, Format Version 12.00
# Visual Studio Version 17
VisualStudioVersion = 17.0.31903.59
MinimumVisualStudioVersion = 10.0.40219.1
Project("{2150E333-8FDC-42A3-9474-1A3956D46DE8}") = "src", "src", "{827E0CD3-B72D-47B6-A68D-7590B98EB39B}"
EndProject
Project("{FAE04EC0-301F-11D3-BF4B-00C04F79EFBC}") = "Api", "src\Api\Api.csproj", "{E3DA27DF-B545-4E15-ACB3-B2130D596ED4}"
EndProject
Project("{FAE04EC0-301F-11D3-BF4B-00C04F79EFBC}") = "Application", "src\Application\Application.csproj", "{FDA2E433-3025-4342-BF2A-5508CC9818ED}"
EndProject
Project("{FAE04EC0-301F-11D3-BF4B-00C04F79EFBC}") = "Domain", "src\Domain\Domain.csproj", "{CAC38DF1-5CD0-4FC6-B595-9D692F2DE0FD}"
EndProject
Project("{FAE04EC0-301F-11D3-BF4B-00C04F79EFBC}") = "Infrastructure", "src\Infrastructure\Infrastructure.csproj", "{39916506-0CDA-43DA-A033-43D0AF4282BA}"
EndProject
Global
	GlobalSection(SolutionConfigurationPlatforms) = preSolution
		Debug|Any CPU = Debug|Any CPU
		Debug|x64 = Debug|x64
		Debug|x86 = Debug|x86
		Release|Any CPU = Release|Any CPU
		Release|x64 = Release|x64
		Release|x86 = Release|x86
	EndGlobalSection
	GlobalSection(ProjectConfigurationPlatforms) = postSolution
		{E3DA27DF-B545-4E15-ACB3-B2130D596ED4}.Debug|Any CPU.ActiveCfg = Debug|Any CPU
		{E3DA27DF-B545-4E15-ACB3-B2130D596ED4}.Debug|Any CPU.Build.0 = Debug|Any CPU
		{E3DA27DF-B545-4E15-ACB3-B2130D596ED4}.Debug|x64.ActiveCfg = Debug|Any CPU
		{E3DA27DF-B545-4E15-ACB3-B2130D596ED4}.Debug|x64.Build.0 = Debug|Any CPU
		{E3DA27DF-B545-4E15-ACB3-B2130D596ED4}.Debug|x86.ActiveCfg = Debug|Any CPU
		{E3DA27DF-B545-4E15-ACB3-B2130D596ED4}.Debug|x86.Build.0 = Debug|Any CPU
		{E3DA27DF-B545-4E15-ACB3-B2130D596ED4}.Release|Any CPU.ActiveCfg = Release|Any CPU
		{E3DA27DF-B545-4E15-ACB3-B2130D596ED4}.Release|Any CPU.Build.0 = Release|Any CPU
		{E3DA27DF-B545-4E15-ACB3-B2130D596ED4}.Release|x64.ActiveCfg = Release|Any CPU
		{E3DA27DF-B545-4E15-ACB3-B2130D596ED4}.Release|x64.Build.0 = Release|Any CPU
		{E3DA27DF-B545-4E15-ACB3-B2130D596ED4}.Release|x86.ActiveCfg = Release|Any CPU
		{E3DA27DF-B545-4E15-ACB3-B2130D596ED4}.Release|x86.Build.0 = Release|Any CPU
		{FDA2E433-3025-4342-BF2A-5508CC9818ED}.Debug|Any CPU.ActiveCfg = Debug|Any CPU
		{FDA2E433-3025-4342-BF2A-5508CC9818ED}.Debug|Any CPU.Build.0 = Debug|Any CPU
		{FDA2E433-3025-4342-BF2A-5508CC9818ED}.Debug|x64.ActiveCfg = Debug|Any CPU
		{FDA2E433-3025-4342-BF2A-5508CC9818ED}.Debug|x64.Build.0 = Debug|Any CPU
		{FDA2E433-3025-4342-BF2A-5508CC9818ED}.Debug|x86.ActiveCfg = Debug|Any CPU
		{FDA2E433-3025-4342-BF2A-5508CC9818ED}.Debug|x86.Build.0 = Debug|Any CPU
		{FDA2E433-3025-4342-BF2A-5508CC9818ED}.Release|Any CPU.ActiveCfg = Release|Any CPU
		{FDA2E433-3025-4342-BF2A-5508CC9818ED}.Release|Any CPU.Build.0 = Release|Any CPU
		{FDA2E433-3025-4342-BF2A-5508CC9818ED}.Release|x64.ActiveCfg = Release|Any CPU
		{FDA2E433-3025-4342-BF2A-5508CC9818ED}.Release|x64.Build.0 = Release|Any CPU
		{FDA2E433-3025-4342-BF2A-5508CC9818ED}.Release|x86.ActiveCfg = Release|Any CPU
		{FDA2E433-3025-4342-BF2A-5508CC9818ED}.Release|x86.Build.0 = Release|Any CPU
		{CAC38DF1-5CD0-4FC6-B595-9D692F2DE0FD}.Debug|Any CPU.ActiveCfg = Debug|Any CPU
		{CAC38DF1-5CD0-4FC6-B595-9D692F2DE0FD}.Debug|Any CPU.Build.0 = Debug|Any CPU
		{CAC38DF1-5CD0-4FC6-B595-9D692F2DE0FD}.Debug|x64.ActiveCfg = Debug|Any CPU
		{CAC38DF1-5CD0-4FC6-B595-9D692F2DE0FD}.Debug|x64.Build.0 = Debug|Any CPU
		{CAC38DF1-5CD0-4FC6-B595-9D692F2DE0FD}.Debug|x86.ActiveCfg = Debug|Any CPU
		{CAC38DF1-5CD0-4FC6-B595-9D692F2DE0FD}.Debug|x86.Build.0 = Debug|Any CPU
		{CAC38DF1-5CD0-4FC6-B595-9D692F2DE0FD}.Release|Any CPU.ActiveCfg = Release|Any CPU
		{CAC38DF1-5CD0-4FC6-B595-9D692F2DE0FD}.Release|Any CPU.Build.0 = Release|Any CPU
		{CAC38DF1-5CD0-4FC6-B595-9D692F2DE0FD}.Release|x64.ActiveCfg = Release|Any CPU
		{CAC38DF1-5CD0-4FC6-B595-9D692F2DE0FD}.Release|x64.Build.0 = Release|Any CPU
		{CAC38DF1-5CD0-4FC6-B595-9D692F2DE0FD}.Release|x86.ActiveCfg = Release|Any CPU
		{CAC38DF1-5CD0-4FC6-B595-9D692F2DE0FD}.Release|x86.Build.0 = Release|Any CPU
		{39916506-0CDA-43DA-A033-43D0AF4282BA}.Debug|Any CPU.ActiveCfg = Debug|Any CPU
		{39916506-0CDA-43DA-A033-43D0AF4282BA}.Debug|Any CPU.Build.0 = Debug|Any CPU
		{39916506-0CDA-43DA-A033-43D0AF4282BA}.Debug|x64.ActiveCfg = Debug|Any CPU
		{39916506-0CDA-43DA-A033-43D0AF4282BA}.Debug|x64.Build.0 = Debug|Any CPU
		{39916506-0CDA-43DA-A033-43D0AF4282BA}.Debug|x86.ActiveCfg = Debug|Any CPU
		{39916506-0CDA-43DA-A033-43D0AF4282BA}.Debug|x86.Build.0 = Debug|Any CPU
		{39916506-0CDA-43DA-A033-43D0AF4282BA}.Release|Any CPU.ActiveCfg = Release|Any CPU
		{39916506-0CDA-43DA-A033-43D0AF4282BA}.Release|Any CPU.Build.0 = Release|Any CPU
		{39916506-0CDA-43DA-A033-43D0AF4282BA}.Release|x64.ActiveCfg = Release|Any CPU
		{39916506-0CDA-43DA-A033-43D0AF4282BA}.Release|x64.Build.0 = Release|Any CPU
		{39916506-0CDA-43DA-A033-43D0AF4282BA}.Release|x86.ActiveCfg = Release|Any CPU
		{39916506-0CDA-43DA-A033-43D0AF4282BA}.Release|x86.Build.0 = Release|Any CPU
	EndGlobalSection
	GlobalSection(SolutionProperties) = preSolution
		HideSolutionNode = FALSE
	EndGlobalSection
	GlobalSection(NestedProjects) = preSolution
		{E3DA27DF-B545-4E15-ACB3-B2130D596ED4} = {827E0CD3-B72D-47B6-A68D-7590B98EB39B}
		{FDA2E433-3025-4342-BF2A-5508CC9818ED} = {827E0CD3-B72D-47B6-A68D-7590B98EB39B}
		{CAC38DF1-5CD0-4FC6-B595-9D692F2DE0FD} = {827E0CD3-B72D-47B6-A68D-7590B98EB39B}
		{39916506-0CDA-43DA-A033-43D0AF4282BA} = {827E0CD3-B72D-47B6-A68D-7590B98EB39B}
	EndGlobalSection
EndGlobal
